# This file is automatically @generated by Cargo.
# It is not intended for manual editing.
version = 4

[[package]]
name = "vantare-domain"
version = "0.0.0"

[[package]]
name = "vantare-ipc"
version = "0.0.0"
dependencies = [
 "vantare-domain",
]

[[package]]
name = "vantare-runtime"
version = "0.0.0"
dependencies = [
 "vantare-domain",
 "vantare-ipc",
]

[[package]]
name = "vantare-ui"
version = "0.0.0"
dependencies = [
 "vantare-domain",
 "vantare-ipc",
]
