# This file is automatically @generated by Cargo.
# It is not intended for manual editing.
version = 4

[[package]]
name = "arc-swap"
version = "1.9.2"
source = "registry+https://github.com/rust-lang/crates.io-index"
checksum = "c049c0be4daef0b145cb3555416b3b8ef5b7888a38aea1a3a155801fe7b0810b"
dependencies = [
 "rustversion",
]

[[package]]
name = "rustversion"
version = "1.0.23"
source = "registry+https://github.com/rust-lang/crates.io-index"
checksum = "cf54715a573b99ac80df0bc206da022bcd442c974952c7b9720069370852e21f"

[[package]]
name = "vantare-domain"
version = "0.0.0"

[[package]]
name = "vantare-ipc"
version = "0.0.0"
dependencies = [
 "vantare-domain",
]

[[package]]
name = "vantare-runtime"
version = "0.0.0"
dependencies = [
 "arc-swap",
 "vantare-domain",
 "vantare-ipc",
]

[[package]]
name = "vantare-ui"
version = "0.0.0"
dependencies = [
 "vantare-domain",
 "vantare-ipc",
]
